
Microsoft Visual Studio Solution File, Format Version 12.00
# Visual Studio 15
VisualStudioVersion = 15.0.26124.0
MinimumVisualStudioVersion = 15.0.26124.0
Project("{FAE04EC0-301F-11D3-BF4B-00C04F79EFBC}") = "PrimeService", "PrimeService\PrimeService.csproj", "{95C70800-40CB-4A23-8704-DE77CB69942D}"
EndProject
Project("{FAE04EC0-301F-11D3-BF4B-00C04F79EFBC}") = "PrimeService.Tests", "PrimeService.Tests\PrimeService.Tests.csproj", "{9463E49F-46F3-4257-AB20-A5FE357FFD2F}"
EndProject
Global
	GlobalSection(SolutionConfigurationPlatforms) = preSolution
		Debug|Any CPU = Debug|Any CPU
		Debug|x64 = Debug|x64
		Debug|x86 = Debug|x86
		Release|Any CPU = Release|Any CPU
		Release|x64 = Release|x64
		Release|x86 = Release|x86
	EndGlobalSection
	GlobalSection(SolutionProperties) = preSolution
		HideSolutionNode = FALSE
	EndGlobalSection
	GlobalSection(ProjectConfigurationPlatforms) = postSolution
		{95C70800-40CB-4A23-8704-DE77CB69942D}.Debug|Any CPU.ActiveCfg = Debug|Any CPU
		{95C70800-40CB-4A23-8704-DE77CB69942D}.Debug|Any CPU.Build.0 = Debug|Any CPU
		{95C70800-40CB-4A23-8704-DE77CB69942D}.Debug|x64.ActiveCfg = Debug|Any CPU
		{95C70800-40CB-4A23-8704-DE77CB69942D}.Debug|x64.Build.0 = Debug|Any CPU
		{95C70800-40CB-4A23-8704-DE77CB69942D}.Debug|x86.ActiveCfg = Debug|Any CPU
		{95C70800-40CB-4A23-8704-DE77CB69942D}.Debug|x86.Build.0 = Debug|Any CPU
		{95C70800-40CB-4A23-8704-DE77CB69942D}.Release|Any CPU.ActiveCfg = Release|Any CPU
		{95C70800-40CB-4A23-8704-DE77CB69942D}.Release|Any CPU.Build.0 = Release|Any CPU
		{95C70800-40CB-4A23-8704-DE77CB69942D}.Release|x64.ActiveCfg = Release|Any CPU
		{95C70800-40CB-4A23-8704-DE77CB69942D}.Release|x64.Build.0 = Release|Any CPU
		{95C70800-40CB-4A23-8704-DE77CB69942D}.Release|x86.ActiveCfg = Release|Any CPU
		{95C70800-40CB-4A23-8704-DE77CB69942D}.Release|x86.Build.0 = Release|Any CPU
		{9463E49F-46F3-4257-AB20-A5FE357FFD2F}.Debug|Any CPU.ActiveCfg = Debug|Any CPU
		{9463E49F-46F3-4257-AB20-A5FE357FFD2F}.Debug|Any CPU.Build.0 = Debug|Any CPU
		{9463E49F-46F3-4257-AB20-A5FE357FFD2F}.Debug|x64.ActiveCfg = Debug|Any CPU
		{9463E49F-46F3-4257-AB20-A5FE357FFD2F}.Debug|x64.Build.0 = Debug|Any CPU
		{9463E49F-46F3-4257-AB20-A5FE357FFD2F}.Debug|x86.ActiveCfg = Debug|Any CPU
		{9463E49F-46F3-4257-AB20-A5FE357FFD2F}.Debug|x86.Build.0 = Debug|Any CPU
		{9463E49F-46F3-4257-AB20-A5FE357FFD2F}.Release|Any CPU.ActiveCfg = Release|Any CPU
		{9463E49F-46F3-4257-AB20-A5FE357FFD2F}.Release|Any CPU.Build.0 = Release|Any CPU
		{9463E49F-46F3-4257-AB20-A5FE357FFD2F}.Release|x64.ActiveCfg = Release|Any CPU
		{9463E49F-46F3-4257-AB20-A5FE357FFD2F}.Release|x64.Build.0 = Release|Any CPU
		{9463E49F-46F3-4257-AB20-A5FE357FFD2F}.Release|x86.ActiveCfg = Release|Any CPU
		{9463E49F-46F3-4257-AB20-A5FE357FFD2F}.Release|x86.Build.0 = Release|Any CPU
	EndGlobalSection
EndGlobal
